
Microsoft Visual Studio Solution File, Format Version 12.00
# Visual Studio Version 17
VisualStudioVersion = 17.14.36511.14 d17.14
MinimumVisualStudioVersion = 10.0.40219.1
Project("{2150E333-8FDC-42A3-9474-1A3956D46DE8}") = "Task0", "Task0", "{02EA681E-C7D8-13C7-8484-4AC65E1B71E8}"
EndProject
Project("{FAE04EC0-301F-11D3-BF4B-00C04F79EFBC}") = "Tyuiu.VikolAS.Sprint1.Task0.V22", "Tyuiu.VikolAS.Sprint1.Task0.V22\Tyuiu.VikolAS.Sprint1.Task0.V22.csproj", "{3B1E1631-FBE9-4840-8085-C97ADBCC80BB}"
EndProject
Project("{FAE04EC0-301F-11D3-BF4B-00C04F79EFBC}") = "Tyuiu.VikolAS.Sprint1.Task0.V22.Test", "Tyuiu.VikolAS.Sprint1.Task0.V22.Test\Tyuiu.VikolAS.Sprint1.Task0.V22.Test.csproj", "{665FC615-320E-4C5E-80BF-5D1BBEE5B1DD}"
EndProject
Project("{FAE04EC0-301F-11D3-BF4B-00C04F79EFBC}") = "Tyuiu.VikolAS.Sprint1.Task0.V22.Lib", "Tyuiu.VikolAS.Sprint1.Task0.V22.Lib\Tyuiu.VikolAS.Sprint1.Task0.V22.Lib.csproj", "{C5D7B957-E0F9-4849-A1E0-1914D96B3994}"
EndProject
Global
	GlobalSection(SolutionConfigurationPlatforms) = preSolution
		Debug|Any CPU = Debug|Any CPU
		Release|Any CPU = Release|Any CPU
	EndGlobalSection
	GlobalSection(ProjectConfigurationPlatforms) = postSolution
		{3B1E1631-FBE9-4840-8085-C97ADBCC80BB}.Debug|Any CPU.ActiveCfg = Debug|Any CPU
		{3B1E1631-FBE9-4840-8085-C97ADBCC80BB}.Debug|Any CPU.Build.0 = Debug|Any CPU
		{3B1E1631-FBE9-4840-8085-C97ADBCC80BB}.Release|Any CPU.ActiveCfg = Release|Any CPU
		{3B1E1631-FBE9-4840-8085-C97ADBCC80BB}.Release|Any CPU.Build.0 = Release|Any CPU
		{665FC615-320E-4C5E-80BF-5D1BBEE5B1DD}.Debug|Any CPU.ActiveCfg = Debug|Any CPU
		{665FC615-320E-4C5E-80BF-5D1BBEE5B1DD}.Debug|Any CPU.Build.0 = Debug|Any CPU
		{665FC615-320E-4C5E-80BF-5D1BBEE5B1DD}.Release|Any CPU.ActiveCfg = Release|Any CPU
		{665FC615-320E-4C5E-80BF-5D1BBEE5B1DD}.Release|Any CPU.Build.0 = Release|Any CPU
		{C5D7B957-E0F9-4849-A1E0-1914D96B3994}.Debug|Any CPU.ActiveCfg = Debug|Any CPU
		{C5D7B957-E0F9-4849-A1E0-1914D96B3994}.Debug|Any CPU.Build.0 = Debug|Any CPU
		{C5D7B957-E0F9-4849-A1E0-1914D96B3994}.Release|Any CPU.ActiveCfg = Release|Any CPU
		{C5D7B957-E0F9-4849-A1E0-1914D96B3994}.Release|Any CPU.Build.0 = Release|Any CPU
	EndGlobalSection
	GlobalSection(SolutionProperties) = preSolution
		HideSolutionNode = FALSE
	EndGlobalSection
	GlobalSection(NestedProjects) = preSolution
		{3B1E1631-FBE9-4840-8085-C97ADBCC80BB} = {02EA681E-C7D8-13C7-8484-4AC65E1B71E8}
		{665FC615-320E-4C5E-80BF-5D1BBEE5B1DD} = {02EA681E-C7D8-13C7-8484-4AC65E1B71E8}
		{C5D7B957-E0F9-4849-A1E0-1914D96B3994} = {02EA681E-C7D8-13C7-8484-4AC65E1B71E8}
	EndGlobalSection
	GlobalSection(ExtensibilityGlobals) = postSolution
		SolutionGuid = {E8D1FFCA-86AB-4E9C-B154-4C91DEB44FAD}
	EndGlobalSection
EndGlobal
